github.com/alfg/mp4 v0.0.0-20210728035756-55ea58c08aeb h1:v8z8Yym2Z/NCYgXO/aFqmYDYa/d3uRyVMq1DjgMfzn4=
github.com/alfg/mp4 v0.0.0-20210728035756-55ea58c08aeb/go.mod h1:RfuO8OqkqAcWXXkaS3MuymrBQJbKJWi04H/bs6vNvh0=
github.com/gorilla/mux v1.8.1 h1:TuBL49tXwgrFYWhqrNgrUNEY92u81SPhu7sTdzQEiWY=
github.com/gorilla/mux v1.8.1/go.mod h1:AKf9I4AEqPTmMytcMc0KkNouC66V3BtZ4qD5fmWSiMQ=
